{
  "name": "bt-client",
  "version": "1.0.0",
  "lockfileVersion": 2,
  "requires": true,
  "packages": {
    "": {
      "name": "bt-client",
      "version": "1.0.0",
      "license": "ISC",
      "dependencies": {
        "bencode": "^2.0.2"
      }
    },
    "node_modules/bencode": {
      "version": "2.0.2",
      "resolved": "https://registry.npmmirror.com/bencode/-/bencode-2.0.2.tgz",
      "integrity": "sha512-0ilVjnE2diLdbec/3KN14SP0KE85wh8v/FceNRMbAB2ioc3yTj9tgqdoK9tFEH++TZ10JreTS29qTwg7+SpTiQ=="
    }
  },
  "dependencies": {
    "bencode": {
      "version": "2.0.2",
      "resolved": "https://registry.npmmirror.com/bencode/-/bencode-2.0.2.tgz",
      "integrity": "sha512-0ilVjnE2diLdbec/3KN14SP0KE85wh8v/FceNRMbAB2ioc3yTj9tgqdoK9tFEH++TZ10JreTS29qTwg7+SpTiQ=="
    }
  }
}
